// !$*UTF8*$!
{
	archiveVersion = 1;
	classes = {
	};
	objectVersion = 50;
	objects = {

/* Begin PBXBuildFile section */
		45090D3430FFB75EDA01065C /* Pods_WeatherApp.framework in Frameworks */ = {isa = PBXBuildFile; fileRef = DDA93A485F620589FF98E0C1 /* Pods_WeatherApp.framework */; };
		7410A480219CA17200E10494 /* AppDelegate.swift in Sources */ = {isa = PBXBuildFile; fileRef = 7410A47F219CA17200E10494 /* AppDelegate.swift */; };
		7410A482219CA17200E10494 /* ViewController.swift in Sources */ = {isa = PBXBuildFile; fileRef = 7410A481219CA17200E10494 /* ViewController.swift */; };
		7410A485219CA17200E10494 /* Main.storyboard in Resources */ = {isa = PBXBuildFile; fileRef = 7410A483219CA17200E10494 /* Main.storyboard */; };
		7410A487219CA17500E10494 /* Assets.xcassets in Resources */ = {isa = PBXBuildFile; fileRef = 7410A486219CA17500E10494 /* Assets.xcassets */; };
		7410A48A219CA17500E10494 /* LaunchScreen.storyboard in Resources */ = {isa = PBXBuildFile; fileRef = 7410A488219CA17500E10494 /* LaunchScreen.storyboard */; };
		7410A493219CA66100E10494 /* APIKeys.swift in Sources */ = {isa = PBXBuildFile; fileRef = 7410A492219CA66100E10494 /* APIKeys.swift */; };
		7410A497219CA9E200E10494 /* typeAlias.swift in Sources */ = {isa = PBXBuildFile; fileRef = 7410A496219CA9E200E10494 /* typeAlias.swift */; };
		7410A499219CAB3400E10494 /* API_Manager.swift in Sources */ = {isa = PBXBuildFile; fileRef = 7410A498219CAB3400E10494 /* API_Manager.swift */; };
		7410A4A0219F2C0D00E10494 /* WeatherData.swift in Sources */ = {isa = PBXBuildFile; fileRef = 7410A49F219F2C0D00E10494 /* WeatherData.swift */; };
		7410A4A221A3157A00E10494 /* LocationSearchViewController.swift in Sources */ = {isa = PBXBuildFile; fileRef = 7410A4A121A3157A00E10494 /* LocationSearchViewController.swift */; };
		7410A4A421A335A000E10494 /* GeocodeingData.swift in Sources */ = {isa = PBXBuildFile; fileRef = 7410A4A321A335A000E10494 /* GeocodeingData.swift */; };
/* End PBXBuildFile section */

/* Begin PBXFileReference section */
		2A9A97D4A37D685506A13B17 /* Pods-WeatherApp.release.xcconfig */ = {isa = PBXFileReference; includeInIndex = 1; lastKnownFileType = text.xcconfig; name = "Pods-WeatherApp.release.xcconfig"; path = "Pods/Target Support Files/Pods-WeatherApp/Pods-WeatherApp.release.xcconfig"; sourceTree = "<group>"; };
		61F188F4645EAB51BA06A775 /* Pods-WeatherApp.debug.xcconfig */ = {isa = PBXFileReference; includeInIndex = 1; lastKnownFileType = text.xcconfig; name = "Pods-WeatherApp.debug.xcconfig"; path = "Pods/Target Support Files/Pods-WeatherApp/Pods-WeatherApp.debug.xcconfig"; sourceTree = "<group>"; };
		7410A47C219CA17200E10494 /* WeatherApp.app */ = {isa = PBXFileReference; explicitFileType = wrapper.application; includeInIndex = 0; path = WeatherApp.app; sourceTree = BUILT_PRODUCTS_DIR; };
		7410A47F219CA17200E10494 /* AppDelegate.swift */ = {isa = PBXFileReference; lastKnownFileType = sourcecode.swift; path = AppDelegate.swift; sourceTree = "<group>"; };
		7410A481219CA17200E10494 /* ViewController.swift */ = {isa = PBXFileReference; lastKnownFileType = sourcecode.swift; path = ViewController.swift; sourceTree = "<group>"; };
		7410A484219CA17200E10494 /* Base */ = {isa = PBXFileReference; lastKnownFileType = file.storyboard; name = Base; path = Base.lproj/Main.storyboard; sourceTree = "<group>"; };
		7410A486219CA17500E10494 /* Assets.xcassets */ = {isa = PBXFileReference; lastKnownFileType = folder.assetcatalog; path = Assets.xcassets; sourceTree = "<group>"; };
		7410A489219CA17500E10494 /* Base */ = {isa = PBXFileReference; lastKnownFileType = file.storyboard; name = Base; path = Base.lproj/LaunchScreen.storyboard; sourceTree = "<group>"; };
		7410A48B219CA17500E10494 /* Info.plist */ = {isa = PBXFileReference; lastKnownFileType = text.plist.xml; path = Info.plist; sourceTree = "<group>"; };
		7410A492219CA66100E10494 /* APIKeys.swift */ = {isa = PBXFileReference; lastKnownFileType = sourcecode.swift; path = APIKeys.swift; sourceTree = "<group>"; };
		7410A496219CA9E200E10494 /* typeAlias.swift */ = {isa = PBXFileReference; lastKnownFileType = sourcecode.swift; path = typeAlias.swift; sourceTree = "<group>"; };
		7410A498219CAB3400E10494 /* API_Manager.swift */ = {isa = PBXFileReference; lastKnownFileType = sourcecode.swift; path = API_Manager.swift; sourceTree = "<group>"; };
		7410A49F219F2C0D00E10494 /* WeatherData.swift */ = {isa = PBXFileReference; lastKnownFileType = sourcecode.swift; path = WeatherData.swift; sourceTree = "<group>"; };
		7410A4A121A3157A00E10494 /* LocationSearchViewController.swift */ = {isa = PBXFileReference; lastKnownFileType = sourcecode.swift; path = LocationSearchViewController.swift; sourceTree = "<group>"; };
		7410A4A321A335A000E10494 /* GeocodeingData.swift */ = {isa = PBXFileReference; lastKnownFileType = sourcecode.swift; path = GeocodeingData.swift; sourceTree = "<group>"; };
		DDA93A485F620589FF98E0C1 /* Pods_WeatherApp.framework */ = {isa = PBXFileReference; explicitFileType = wrapper.framework; includeInIndex = 0; path = Pods_WeatherApp.framework; sourceTree = BUILT_PRODUCTS_DIR; };
/* End PBXFileReference section */

/* Begin PBXFrameworksBuildPhase section */
		7410A479219CA17200E10494 /* Frameworks */ = {
			isa = PBXFrameworksBuildPhase;
			buildActionMask = 2147483647;
			files = (
				45090D3430FFB75EDA01065C /* Pods_WeatherApp.framework in Frameworks */,
			);
			runOnlyForDeploymentPostprocessing = 0;
		};
/* End PBXFrameworksBuildPhase section */

/* Begin PBXGroup section */
		04449F8A562D5E921F55B6E1 /* Pods */ = {
			isa = PBXGroup;
			children = (
				61F188F4645EAB51BA06A775 /* Pods-WeatherApp.debug.xcconfig */,
				2A9A97D4A37D685506A13B17 /* Pods-WeatherApp.release.xcconfig */,
			);
			name = Pods;
			sourceTree = "<group>";
		};
		7410A473219CA17200E10494 = {
			isa = PBXGroup;
			children = (
				7410A47E219CA17200E10494 /* WeatherApp */,
				7410A47D219CA17200E10494 /* Products */,
				04449F8A562D5E921F55B6E1 /* Pods */,
				BD2DD2BD7A27C67424B5BB56 /* Frameworks */,
			);
			sourceTree = "<group>";
		};
		7410A47D219CA17200E10494 /* Products */ = {
			isa = PBXGroup;
			children = (
				7410A47C219CA17200E10494 /* WeatherApp.app */,
			);
			name = Products;
			sourceTree = "<group>";
		};
		7410A47E219CA17200E10494 /* WeatherApp */ = {
			isa = PBXGroup;
			children = (
				7410A49E219F2BFC00E10494 /* Data Models */,
				7410A495219CA9C500E10494 /* View Controllers */,
				7410A494219CA9B500E10494 /* Models */,
				7410A491219CA63D00E10494 /* API */,
				7410A47F219CA17200E10494 /* AppDelegate.swift */,
				7410A483219CA17200E10494 /* Main.storyboard */,
				7410A486219CA17500E10494 /* Assets.xcassets */,
				7410A488219CA17500E10494 /* LaunchScreen.storyboard */,
				7410A48B219CA17500E10494 /* Info.plist */,
			);
			path = WeatherApp;
			sourceTree = "<group>";
		};
		7410A491219CA63D00E10494 /* API */ = {
			isa = PBXGroup;
			children = (
				7410A498219CAB3400E10494 /* API_Manager.swift */,
				7410A492219CA66100E10494 /* APIKeys.swift */,
			);
			path = API;
			sourceTree = "<group>";
		};
		7410A494219CA9B500E10494 /* Models */ = {
			isa = PBXGroup;
			children = (
				7410A496219CA9E200E10494 /* typeAlias.swift */,
			);
			path = Models;
			sourceTree = "<group>";
		};
		7410A495219CA9C500E10494 /* View Controllers */ = {
			isa = PBXGroup;
			children = (
				7410A481219CA17200E10494 /* ViewController.swift */,
				7410A4A121A3157A00E10494 /* LocationSearchViewController.swift */,
			);
			path = "View Controllers";
			sourceTree = "<group>";
		};
		7410A49E219F2BFC00E10494 /* Data Models */ = {
			isa = PBXGroup;
			children = (
				7410A49F219F2C0D00E10494 /* WeatherData.swift */,
				7410A4A321A335A000E10494 /* GeocodeingData.swift */,
			);
			path = "Data Models";
			sourceTree = "<group>";
		};
		BD2DD2BD7A27C67424B5BB56 /* Frameworks */ = {
			isa = PBXGroup;
			children = (
				DDA93A485F620589FF98E0C1 /* Pods_WeatherApp.framework */,
			);
			name = Frameworks;
			sourceTree = "<group>";
		};
/* End PBXGroup section */

/* Begin PBXNativeTarget section */
		7410A47B219CA17200E10494 /* WeatherApp */ = {
			isa = PBXNativeTarget;
			buildConfigurationList = 7410A48E219CA17500E10494 /* Build configuration list for PBXNativeTarget "WeatherApp" */;
			buildPhases = (
				037036419FE5DCBA5BD5C4B1 /* [CP] Check Pods Manifest.lock */,
				7410A478219CA17200E10494 /* Sources */,
				7410A479219CA17200E10494 /* Frameworks */,
				7410A47A219CA17200E10494 /* Resources */,
				60E5CAED6457C02BF23DD5F6 /* [CP] Embed Pods Frameworks */,
			);
			buildRules = (
			);
			dependencies = (
			);
			name = WeatherApp;
			productName = WeatherApp;
			productReference = 7410A47C219CA17200E10494 /* WeatherApp.app */;
			productType = "com.apple.product-type.application";
		};
/* End PBXNativeTarget section */

/* Begin PBXProject section */
		7410A474219CA17200E10494 /* Project object */ = {
			isa = PBXProject;
			attributes = {
				LastSwiftUpdateCheck = 1010;
				LastUpgradeCheck = 1010;
				ORGANIZATIONNAME = "Ezra Kiteck";
				TargetAttributes = {
					7410A47B219CA17200E10494 = {
						CreatedOnToolsVersion = 10.1;
					};
				};
			};
			buildConfigurationList = 7410A477219CA17200E10494 /* Build configuration list for PBXProject "WeatherApp" */;
			compatibilityVersion = "Xcode 9.3";
			developmentRegion = en;
			hasScannedForEncodings = 0;
			knownRegions = (
				en,
				Base,
			);
			mainGroup = 7410A473219CA17200E10494;
			productRefGroup = 7410A47D219CA17200E10494 /* Products */;
			projectDirPath = "";
			projectRoot = "";
			targets = (
				7410A47B219CA17200E10494 /* WeatherApp */,
			);
		};
/* End PBXProject section */

/* Begin PBXResourcesBuildPhase section */
		7410A47A219CA17200E10494 /* Resources */ = {
			isa = PBXResourcesBuildPhase;
			buildActionMask = 2147483647;
			files = (
				7410A48A219CA17500E10494 /* LaunchScreen.storyboard in Resources */,
				7410A487219CA17500E10494 /* Assets.xcassets in Resources */,
				7410A485219CA17200E10494 /* Main.storyboard in Resources */,
			);
			runOnlyForDeploymentPostprocessing = 0;
		};
/* End PBXResourcesBuildPhase section */

/* Begin PBXShellScriptBuildPhase section */
		037036419FE5DCBA5BD5C4B1 /* [CP] Check Pods Manifest.lock */ = {
			isa = PBXShellScriptBuildPhase;
			buildActionMask = 2147483647;
			files = (
			);
			inputPaths = (
				"${PODS_PODFILE_DIR_PATH}/Podfile.lock",
				"${PODS_ROOT}/Manifest.lock",
			);
			name = "[CP] Check Pods Manifest.lock";
			outputPaths = (
				"$(DERIVED_FILE_DIR)/Pods-WeatherApp-checkManifestLockResult.txt",
			);
			runOnlyForDeploymentPostprocessing = 0;
			shellPath = /bin/sh;
			shellScript = "diff \"${PODS_PODFILE_DIR_PATH}/Podfile.lock\" \"${PODS_ROOT}/Manifest.lock\" > /dev/null\nif [ $? != 0 ] ; then\n    # print error to STDERR\n    echo \"error: The sandbox is not in sync with the Podfile.lock. Run 'pod install' or update your CocoaPods installation.\" >&2\n    exit 1\nfi\n# This output is used by Xcode 'outputs' to avoid re-running this script phase.\necho \"SUCCESS\" > \"${SCRIPT_OUTPUT_FILE_0}\"\n";
			showEnvVarsInLog = 0;
		};
		60E5CAED6457C02BF23DD5F6 /* [CP] Embed Pods Frameworks */ = {
			isa = PBXShellScriptBuildPhase;
			buildActionMask = 2147483647;
			files = (
			);
			inputPaths = (
				"${SRCROOT}/Pods/Target Support Files/Pods-WeatherApp/Pods-WeatherApp-frameworks.sh",
				"${BUILT_PRODUCTS_DIR}/Alamofire/Alamofire.framework",
				"${BUILT_PRODUCTS_DIR}/SwiftyJSON/SwiftyJSON.framework",
			);
			name = "[CP] Embed Pods Frameworks";
			outputPaths = (
				"${TARGET_BUILD_DIR}/${FRAMEWORKS_FOLDER_PATH}/Alamofire.framework",
				"${TARGET_BUILD_DIR}/${FRAMEWORKS_FOLDER_PATH}/SwiftyJSON.framework",
			);
			runOnlyForDeploymentPostprocessing = 0;
			shellPath = /bin/sh;
			shellScript = "\"${SRCROOT}/Pods/Target Support Files/Pods-WeatherApp/Pods-WeatherApp-frameworks.sh\"\n";
			showEnvVarsInLog = 0;
		};
/* End PBXShellScriptBuildPhase section */

/* Begin PBXSourcesBuildPhase section */
		7410A478219CA17200E10494 /* Sources */ = {
			isa = PBXSourcesBuildPhase;
			buildActionMask = 2147483647;
			files = (
				7410A493219CA66100E10494 /* APIKeys.swift in Sources */,
				7410A482219CA17200E10494 /* ViewController.swift in Sources */,
				7410A4A0219F2C0D00E10494 /* WeatherData.swift in Sources */,
				7410A499219CAB3400E10494 /* API_Manager.swift in Sources */,
				7410A497219CA9E200E10494 /* typeAlias.swift in Sources */,
				7410A4A421A335A000E10494 /* GeocodeingData.swift in Sources */,
				7410A480219CA17200E10494 /* AppDelegate.swift in Sources */,
				7410A4A221A3157A00E10494 /* LocationSearchViewController.swift in Sources */,
			);
			runOnlyForDeploymentPostprocessing = 0;
		};
/* End PBXSourcesBuildPhase section */

/* Begin PBXVariantGroup section */
		7410A483219CA17200E10494 /* Main.storyboard */ = {
			isa = PBXVariantGroup;
			children = (
				7410A484219CA17200E10494 /* Base */,
			);
			name = Main.storyboard;
			sourceTree = "<group>";
		};
		7410A488219CA17500E10494 /* LaunchScreen.storyboard */ = {
			isa = PBXVariantGroup;
			children = (
				7410A489219CA17500E10494 /* Base */,
			);
			name = LaunchScreen.storyboard;
			sourceTree = "<group>";
		};
/* End PBXVariantGroup section */

/* Begin XCBuildConfiguration section */
		7410A48C219CA17500E10494 /* Debug */ = {
			isa = XCBuildConfiguration;
			buildSettings = {
				ALWAYS_SEARCH_USER_PATHS = NO;
				CLANG_ANALYZER_NONNULL = YES;
				CLANG_ANALYZER_NUMBER_OBJECT_CONVERSION = YES_AGGRESSIVE;
				CLANG_CXX_LANGUAGE_STANDARD = "gnu++14";
				CLANG_CXX_LIBRARY = "libc++";
				CLANG_ENABLE_MODULES = YES;
				CLANG_ENABLE_OBJC_ARC = YES;
				CLANG_ENABLE_OBJC_WEAK = YES;
				CLANG_WARN_BLOCK_CAPTURE_AUTORELEASING = YES;
				CLANG_WARN_BOOL_CONVERSION = YES;
				CLANG_WARN_COMMA = YES;
				CLANG_WARN_CONSTANT_CONVERSION = YES;
				CLANG_WARN_DEPRECATED_OBJC_IMPLEMENTATIONS = YES;
				CLANG_WARN_DIRECT_OBJC_ISA_USAGE = YES_ERROR;
				CLANG_WARN_DOCUMENTATION_COMMENTS = YES;
				CLANG_WARN_EMPTY_BODY = YES;
				CLANG_WARN_ENUM_CONVERSION = YES;
				CLANG_WARN_INFINITE_RECURSION = YES;
				CLANG_WARN_INT_CONVERSION = YES;
				CLANG_WARN_NON_LITERAL_NULL_CONVERSION = YES;
				CLANG_WARN_OBJC_IMPLICIT_RETAIN_SELF = YES;
				CLANG_WARN_OBJC_LITERAL_CONVERSION = YES;
				CLANG_WARN_OBJC_ROOT_CLASS = YES_ERROR;
				CLANG_WARN_RANGE_LOOP_ANALYSIS = YES;
				CLANG_WARN_STRICT_PROTOTYPES = YES;
				CLANG_WARN_SUSPICIOUS_MOVE = YES;
				CLANG_WARN_UNGUARDED_AVAILABILITY = YES_AGGRESSIVE;
				CLANG_WARN_UNREACHABLE_CODE = YES;
				CLANG_WARN__DUPLICATE_METHOD_MATCH = YES;
				CODE_SIGN_IDENTITY = "iPhone Developer";
				COPY_PHASE_STRIP = NO;
				DEBUG_INFORMATION_FORMAT = dwarf;
				ENABLE_STRICT_OBJC_MSGSEND = YES;
				ENABLE_TESTABILITY = YES;
				GCC_C_LANGUAGE_STANDARD = gnu11;
				GCC_DYNAMIC_NO_PIC = NO;
				GCC_NO_COMMON_BLOCKS = YES;
				GCC_OPTIMIZATION_LEVEL = 0;
				GCC_PREPROCESSOR_DEFINITIONS = (
					"DEBUG=1",
					"$(inherited)",
				);
				GCC_WARN_64_TO_32_BIT_CONVERSION = YES;
				GCC_WARN_ABOUT_RETURN_TYPE = YES_ERROR;
				GCC_WARN_UNDECLARED_SELECTOR = YES;
				GCC_WARN_UNINITIALIZED_AUTOS = YES_AGGRESSIVE;
				GCC_WARN_UNUSED_FUNCTION = YES;
				GCC_WARN_UNUSED_VARIABLE = YES;
				IPHONEOS_DEPLOYMENT_TARGET = 12.1;
				MTL_ENABLE_DEBUG_INFO = INCLUDE_SOURCE;
				MTL_FAST_MATH = YES;
				ONLY_ACTIVE_ARCH = YES;
				SDKROOT = iphoneos;
				SWIFT_ACTIVE_COMPILATION_CONDITIONS = DEBUG;
				SWIFT_OPTIMIZATION_LEVEL = "-Onone";
			};
			name = Debug;
		};
		7410A48D219CA17500E10494 /* Release */ = {
			isa = XCBuildConfiguration;
			buildSettings = {
				ALWAYS_SEARCH_USER_PATHS = NO;
				CLANG_ANALYZER_NONNULL = YES;
				CLANG_ANALYZER_NUMBER_OBJECT_CONVERSION = YES_AGGRESSIVE;
				CLANG_CXX_LANGUAGE_STANDARD = "gnu++14";
				CLANG_CXX_LIBRARY = "libc++";
				CLANG_ENABLE_MODULES = YES;
				CLANG_ENABLE_OBJC_ARC = YES;
				CLANG_ENABLE_OBJC_WEAK = YES;
				CLANG_WARN_BLOCK_CAPTURE_AUTORELEASING = YES;
				CLANG_WARN_BOOL_CONVERSION = YES;
				CLANG_WARN_COMMA = YES;
				CLANG_WARN_CONSTANT_CONVERSION = YES;
				CLANG_WARN_DEPRECATED_OBJC_IMPLEMENTATIONS = YES;
				CLANG_WARN_DIRECT_OBJC_ISA_USAGE = YES_ERROR;
				CLANG_WARN_DOCUMENTATION_COMMENTS = YES;
				CLANG_WARN_EMPTY_BODY = YES;
				CLANG_WARN_ENUM_CONVERSION = YES;
				CLANG_WARN_INFINITE_RECURSION = YES;
				CLANG_WARN_INT_CONVERSION = YES;
				CLANG_WARN_NON_LITERAL_NULL_CONVERSION = YES;
				CLANG_WARN_OBJC_IMPLICIT_RETAIN_SELF = YES;
				CLANG_WARN_OBJC_LITERAL_CONVERSION = YES;
				CLANG_WARN_OBJC_ROOT_CLASS = YES_ERROR;
				CLANG_WARN_RANGE_LOOP_ANALYSIS = YES;
				CLANG_WARN_STRICT_PROTOTYPES = YES;
				CLANG_WARN_SUSPICIOUS_MOVE = YES;
				CLANG_WARN_UNGUARDED_AVAILABILITY = YES_AGGRESSIVE;
				CLANG_WARN_UNREACHABLE_CODE = YES;
				CLANG_WARN__DUPLICATE_METHOD_MATCH = YES;
				CODE_SIGN_IDENTITY = "iPhone Developer";
				COPY_PHASE_STRIP = NO;
				DEBUG_INFORMATION_FORMAT = "dwarf-with-dsym";
				ENABLE_NS_ASSERTIONS = NO;
				ENABLE_STRICT_OBJC_MSGSEND = YES;
				GCC_C_LANGUAGE_STANDARD = gnu11;
				GCC_NO_COMMON_BLOCKS = YES;
				GCC_WARN_64_TO_32_BIT_CONVERSION = YES;
				GCC_WARN_ABOUT_RETURN_TYPE = YES_ERROR;
				GCC_WARN_UNDECLARED_SELECTOR = YES;
				GCC_WARN_UNINITIALIZED_AUTOS = YES_AGGRESSIVE;
				GCC_WARN_UNUSED_FUNCTION = YES;
				GCC_WARN_UNUSED_VARIABLE = YES;
				IPHONEOS_DEPLOYMENT_TARGET = 12.1;
				MTL_ENABLE_DEBUG_INFO = NO;
				MTL_FAST_MATH = YES;
				SDKROOT = iphoneos;
				SWIFT_COMPILATION_MODE = wholemodule;
				SWIFT_OPTIMIZATION_LEVEL = "-O";
				VALIDATE_PRODUCT = YES;
			};
			name = Release;
		};
		7410A48F219CA17500E10494 /* Debug */ = {
			isa = XCBuildConfiguration;
			baseConfigurationReference = 61F188F4645EAB51BA06A775 /* Pods-WeatherApp.debug.xcconfig */;
			buildSettings = {
				ASSETCATALOG_COMPILER_APPICON_NAME = AppIcon;
				CODE_SIGN_STYLE = Automatic;
				INFOPLIST_FILE = WeatherApp/Info.plist;
				LD_RUNPATH_SEARCH_PATHS = (
					"$(inherited)",
					"@executable_path/Frameworks",
				);
				PRODUCT_BUNDLE_IDENTIFIER = com.EzraKiteck.WeatherApp;
				PRODUCT_NAME = "$(TARGET_NAME)";
				SWIFT_VERSION = 4.2;
				TARGETED_DEVICE_FAMILY = 1;
			};
			name = Debug;
		};
		7410A490219CA17500E10494 /* Release */ = {
			isa = XCBuildConfiguration;
			baseConfigurationReference = 2A9A97D4A37D685506A13B17 /* Pods-WeatherApp.release.xcconfig */;
			buildSettings = {
				ASSETCATALOG_COMPILER_APPICON_NAME = AppIcon;
				CODE_SIGN_STYLE = Automatic;
				INFOPLIST_FILE = WeatherApp/Info.plist;
				LD_RUNPATH_SEARCH_PATHS = (
					"$(inherited)",
					"@executable_path/Frameworks",
				);
				PRODUCT_BUNDLE_IDENTIFIER = com.EzraKiteck.WeatherApp;
				PRODUCT_NAME = "$(TARGET_NAME)";
				SWIFT_VERSION = 4.2;
				TARGETED_DEVICE_FAMILY = 1;
			};
			name = Release;
		};
/* End XCBuildConfiguration section */

/* Begin XCConfigurationList section */
		7410A477219CA17200E10494 /* Build configuration list for PBXProject "WeatherApp" */ = {
			isa = XCConfigurationList;
			buildConfigurations = (
				7410A48C219CA17500E10494 /* Debug */,
				7410A48D219CA17500E10494 /* Release */,
			);
			defaultConfigurationIsVisible = 0;
			defaultConfigurationName = Release;
		};
		7410A48E219CA17500E10494 /* Build configuration list for PBXNativeTarget "WeatherApp" */ = {
			isa = XCConfigurationList;
			buildConfigurations = (
				7410A48F219CA17500E10494 /* Debug */,
				7410A490219CA17500E10494 /* Release */,
			);
			defaultConfigurationIsVisible = 0;
			defaultConfigurationName = Release;
		};
/* End XCConfigurationList section */
	};
	rootObject = 7410A474219CA17200E10494 /* Project object */;
}
